// !$*UTF8*$!
{
	archiveVersion = 1;
	classes = {
	};
	objectVersion = 48;
	objects = {

/* Begin PBXBuildFile section */
		5AEC73816B9B2F9873A9AE9F /* libPods-TXCategoryKitDemo.a in Frameworks */ = {isa = PBXBuildFile; fileRef = 02E4C71DC784E21CCFDD3C7F /* libPods-TXCategoryKitDemo.a */; };
		7D301EDE292625160020577D /* UIImage+TXCompress.m in Sources */ = {isa = PBXBuildFile; fileRef = 7D301EDD292625160020577D /* UIImage+TXCompress.m */; };
		7D5AC36027D0C13500136B8C /* Assets.xcassets in Resources */ = {isa = PBXBuildFile; fileRef = 7D5AC34227D0C13500136B8C /* Assets.xcassets */; };
		7D5AC36127D0C13500136B8C /* AppDelegate.m in Sources */ = {isa = PBXBuildFile; fileRef = 7D5AC34527D0C13500136B8C /* AppDelegate.m */; };
		7D5AC36227D0C13500136B8C /* TXHomeViewController.m in Sources */ = {isa = PBXBuildFile; fileRef = 7D5AC34827D0C13500136B8C /* TXHomeViewController.m */; };
		7D5AC36327D0C13500136B8C /* LaunchScreen.storyboard in Resources */ = {isa = PBXBuildFile; fileRef = 7D5AC34A27D0C13500136B8C /* LaunchScreen.storyboard */; };
		7D5AC36427D0C13500136B8C /* Main.storyboard in Resources */ = {isa = PBXBuildFile; fileRef = 7D5AC34B27D0C13500136B8C /* Main.storyboard */; };
		7D5AC38927D0C1D700136B8C /* UIImage+TXImage.m in Sources */ = {isa = PBXBuildFile; fileRef = 7D5AC37627D0C1D700136B8C /* UIImage+TXImage.m */; };
		7D5AC38A27D0C1D700136B8C /* UIColor+TXColor.m in Sources */ = {isa = PBXBuildFile; fileRef = 7D5AC37A27D0C1D700136B8C /* UIColor+TXColor.m */; };
		7D5AC38B27D0C1D700136B8C /* UIView+TXOtherView.m in Sources */ = {isa = PBXBuildFile; fileRef = 7D5AC37C27D0C1D700136B8C /* UIView+TXOtherView.m */; };
		7D5AC38C27D0C1D700136B8C /* UIView+TXFrame.m in Sources */ = {isa = PBXBuildFile; fileRef = 7D5AC38027D0C1D700136B8C /* UIView+TXFrame.m */; };
		7D5AC38D27D0C1D700136B8C /* UIView+TXCorner.m in Sources */ = {isa = PBXBuildFile; fileRef = 7D5AC38227D0C1D700136B8C /* UIView+TXCorner.m */; };
		7D5AC38E27D0C1D700136B8C /* UIView+Toast.m in Sources */ = {isa = PBXBuildFile; fileRef = 7D5AC38327D0C1D700136B8C /* UIView+Toast.m */; };
		7D5AC39727D1B0B900136B8C /* NSString+TXMD5.m in Sources */ = {isa = PBXBuildFile; fileRef = 7D5AC39327D1B0B900136B8C /* NSString+TXMD5.m */; };
		7D5AC39827D1B0B900136B8C /* NSString+TXString.m in Sources */ = {isa = PBXBuildFile; fileRef = 7D5AC39427D1B0B900136B8C /* NSString+TXString.m */; };
		7D953DCD27FD26E000B96E87 /* UIButton+TXKitButton.m in Sources */ = {isa = PBXBuildFile; fileRef = 7D953DCC27FD26E000B96E87 /* UIButton+TXKitButton.m */; };
		7D97A1A52966C00D001E89E5 /* UIImage+TXGrayImage.m in Sources */ = {isa = PBXBuildFile; fileRef = 7D97A1A42966C00D001E89E5 /* UIImage+TXGrayImage.m */; };
		F59567871FAB4AD20068A04F /* main.m in Sources */ = {isa = PBXBuildFile; fileRef = F59567861FAB4AD20068A04F /* main.m */; };
		F59567911FAB4AD20068A04F /* TXCategoryKitDemoTests.m in Sources */ = {isa = PBXBuildFile; fileRef = F59567901FAB4AD20068A04F /* TXCategoryKitDemoTests.m */; };
		F595679C1FAB4AD20068A04F /* TXCategoryKitDemoUITests.m in Sources */ = {isa = PBXBuildFile; fileRef = F595679B1FAB4AD20068A04F /* TXCategoryKitDemoUITests.m */; };
/* End PBXBuildFile section */

/* Begin PBXContainerItemProxy section */
		F595678D1FAB4AD20068A04F /* PBXContainerItemProxy */ = {
			isa = PBXContainerItemProxy;
			containerPortal = F595676C1FAB4AD20068A04F /* Project object */;
			proxyType = 1;
			remoteGlobalIDString = F59567731FAB4AD20068A04F;
			remoteInfo = Demo;
		};
		F59567981FAB4AD20068A04F /* PBXContainerItemProxy */ = {
			isa = PBXContainerItemProxy;
			containerPortal = F595676C1FAB4AD20068A04F /* Project object */;
			proxyType = 1;
			remoteGlobalIDString = F59567731FAB4AD20068A04F;
			remoteInfo = Demo;
		};
/* End PBXContainerItemProxy section */

/* Begin PBXFileReference section */
		01F82D7517499F26132FFA72 /* libPods-Demo.a */ = {isa = PBXFileReference; explicitFileType = archive.ar; includeInIndex = 0; path = "libPods-Demo.a"; sourceTree = BUILT_PRODUCTS_DIR; };
		02E4C71DC784E21CCFDD3C7F /* libPods-TXCategoryKitDemo.a */ = {isa = PBXFileReference; explicitFileType = archive.ar; includeInIndex = 0; path = "libPods-TXCategoryKitDemo.a"; sourceTree = BUILT_PRODUCTS_DIR; };
		712D212CE1FDE728D25379B4 /* Pods-TXCategoryKitDemo.release.xcconfig */ = {isa = PBXFileReference; includeInIndex = 1; lastKnownFileType = text.xcconfig; name = "Pods-TXCategoryKitDemo.release.xcconfig"; path = "Target Support Files/Pods-TXCategoryKitDemo/Pods-TXCategoryKitDemo.release.xcconfig"; sourceTree = "<group>"; };
		7D301EDC292625160020577D /* UIImage+TXCompress.h */ = {isa = PBXFileReference; lastKnownFileType = sourcecode.c.h; path = "UIImage+TXCompress.h"; sourceTree = "<group>"; };
		7D301EDD292625160020577D /* UIImage+TXCompress.m */ = {isa = PBXFileReference; lastKnownFileType = sourcecode.c.objc; path = "UIImage+TXCompress.m"; sourceTree = "<group>"; };
		7D5AC34227D0C13500136B8C /* Assets.xcassets */ = {isa = PBXFileReference; lastKnownFileType = folder.assetcatalog; path = Assets.xcassets; sourceTree = "<group>"; };
		7D5AC34427D0C13500136B8C /* AppDelegate.h */ = {isa = PBXFileReference; fileEncoding = 4; lastKnownFileType = sourcecode.c.h; path = AppDelegate.h; sourceTree = "<group>"; };
		7D5AC34527D0C13500136B8C /* AppDelegate.m */ = {isa = PBXFileReference; fileEncoding = 4; lastKnownFileType = sourcecode.c.objc; path = AppDelegate.m; sourceTree = "<group>"; };
		7D5AC34727D0C13500136B8C /* TXHomeViewController.h */ = {isa = PBXFileReference; fileEncoding = 4; lastKnownFileType = sourcecode.c.h; path = TXHomeViewController.h; sourceTree = "<group>"; };
		7D5AC34827D0C13500136B8C /* TXHomeViewController.m */ = {isa = PBXFileReference; fileEncoding = 4; lastKnownFileType = sourcecode.c.objc; path = TXHomeViewController.m; sourceTree = "<group>"; };
		7D5AC34A27D0C13500136B8C /* LaunchScreen.storyboard */ = {isa = PBXFileReference; fileEncoding = 4; lastKnownFileType = file.storyboard; path = LaunchScreen.storyboard; sourceTree = "<group>"; };
		7D5AC34B27D0C13500136B8C /* Main.storyboard */ = {isa = PBXFileReference; fileEncoding = 4; lastKnownFileType = file.storyboard; path = Main.storyboard; sourceTree = "<group>"; };
		7D5AC37327D0C1D700136B8C /* TXCategoryKit.h */ = {isa = PBXFileReference; fileEncoding = 4; lastKnownFileType = sourcecode.c.h; path = TXCategoryKit.h; sourceTree = "<group>"; };
		7D5AC37627D0C1D700136B8C /* UIImage+TXImage.m */ = {isa = PBXFileReference; fileEncoding = 4; lastKnownFileType = sourcecode.c.objc; path = "UIImage+TXImage.m"; sourceTree = "<group>"; };
		7D5AC37727D0C1D700136B8C /* UIImage+TXImage.h */ = {isa = PBXFileReference; fileEncoding = 4; lastKnownFileType = sourcecode.c.h; path = "UIImage+TXImage.h"; sourceTree = "<group>"; };
		7D5AC37927D0C1D700136B8C /* UIColor+TXColor.h */ = {isa = PBXFileReference; fileEncoding = 4; lastKnownFileType = sourcecode.c.h; path = "UIColor+TXColor.h"; sourceTree = "<group>"; };
		7D5AC37A27D0C1D700136B8C /* UIColor+TXColor.m */ = {isa = PBXFileReference; fileEncoding = 4; lastKnownFileType = sourcecode.c.objc; path = "UIColor+TXColor.m"; sourceTree = "<group>"; };
		7D5AC37C27D0C1D700136B8C /* UIView+TXOtherView.m */ = {isa = PBXFileReference; fileEncoding = 4; lastKnownFileType = sourcecode.c.objc; path = "UIView+TXOtherView.m"; sourceTree = "<group>"; };
		7D5AC37D27D0C1D700136B8C /* UIView+TXFrame.h */ = {isa = PBXFileReference; fileEncoding = 4; lastKnownFileType = sourcecode.c.h; path = "UIView+TXFrame.h"; sourceTree = "<group>"; };
		7D5AC37E27D0C1D700136B8C /* UIView+Toast.h */ = {isa = PBXFileReference; fileEncoding = 4; lastKnownFileType = sourcecode.c.h; path = "UIView+Toast.h"; sourceTree = "<group>"; };
		7D5AC37F27D0C1D700136B8C /* UIView+TXCorner.h */ = {isa = PBXFileReference; fileEncoding = 4; lastKnownFileType = sourcecode.c.h; path = "UIView+TXCorner.h"; sourceTree = "<group>"; };
		7D5AC38027D0C1D700136B8C /* UIView+TXFrame.m */ = {isa = PBXFileReference; fileEncoding = 4; lastKnownFileType = sourcecode.c.objc; path = "UIView+TXFrame.m"; sourceTree = "<group>"; };
		7D5AC38127D0C1D700136B8C /* UIView+TXOtherView.h */ = {isa = PBXFileReference; fileEncoding = 4; lastKnownFileType = sourcecode.c.h; path = "UIView+TXOtherView.h"; sourceTree = "<group>"; };
		7D5AC38227D0C1D700136B8C /* UIView+TXCorner.m */ = {isa = PBXFileReference; fileEncoding = 4; lastKnownFileType = sourcecode.c.objc; path = "UIView+TXCorner.m"; sourceTree = "<group>"; };
		7D5AC38327D0C1D700136B8C /* UIView+Toast.m */ = {isa = PBXFileReference; fileEncoding = 4; lastKnownFileType = sourcecode.c.objc; path = "UIView+Toast.m"; sourceTree = "<group>"; };
		7D5AC39027D0C20500136B8C /* TXFoundation.h */ = {isa = PBXFileReference; lastKnownFileType = sourcecode.c.h; path = TXFoundation.h; sourceTree = "<group>"; };
		7D5AC39127D0C29100136B8C /* TXUIKit.h */ = {isa = PBXFileReference; lastKnownFileType = sourcecode.c.h; path = TXUIKit.h; sourceTree = "<group>"; };
		7D5AC39327D1B0B900136B8C /* NSString+TXMD5.m */ = {isa = PBXFileReference; fileEncoding = 4; lastKnownFileType = sourcecode.c.objc; path = "NSString+TXMD5.m"; sourceTree = "<group>"; };
		7D5AC39427D1B0B900136B8C /* NSString+TXString.m */ = {isa = PBXFileReference; fileEncoding = 4; lastKnownFileType = sourcecode.c.objc; path = "NSString+TXString.m"; sourceTree = "<group>"; };
		7D5AC39527D1B0B900136B8C /* NSString+TXMD5.h */ = {isa = PBXFileReference; fileEncoding = 4; lastKnownFileType = sourcecode.c.h; path = "NSString+TXMD5.h"; sourceTree = "<group>"; };
		7D5AC39627D1B0B900136B8C /* NSString+TXString.h */ = {isa = PBXFileReference; fileEncoding = 4; lastKnownFileType = sourcecode.c.h; path = "NSString+TXString.h"; sourceTree = "<group>"; };
		7D953DCB27FD26E000B96E87 /* UIButton+TXKitButton.h */ = {isa = PBXFileReference; fileEncoding = 4; lastKnownFileType = sourcecode.c.h; path = "UIButton+TXKitButton.h"; sourceTree = "<group>"; };
		7D953DCC27FD26E000B96E87 /* UIButton+TXKitButton.m */ = {isa = PBXFileReference; fileEncoding = 4; lastKnownFileType = sourcecode.c.objc; path = "UIButton+TXKitButton.m"; sourceTree = "<group>"; };
		7D97A1A32966C00D001E89E5 /* UIImage+TXGrayImage.h */ = {isa = PBXFileReference; fileEncoding = 4; lastKnownFileType = sourcecode.c.h; path = "UIImage+TXGrayImage.h"; sourceTree = "<group>"; };
		7D97A1A42966C00D001E89E5 /* UIImage+TXGrayImage.m */ = {isa = PBXFileReference; fileEncoding = 4; lastKnownFileType = sourcecode.c.objc; path = "UIImage+TXGrayImage.m"; sourceTree = "<group>"; };
		826D979EBB80A387E6BDA44C /* Pods-TXCategoryKitDemo.debug.xcconfig */ = {isa = PBXFileReference; includeInIndex = 1; lastKnownFileType = text.xcconfig; name = "Pods-TXCategoryKitDemo.debug.xcconfig"; path = "Target Support Files/Pods-TXCategoryKitDemo/Pods-TXCategoryKitDemo.debug.xcconfig"; sourceTree = "<group>"; };
		F59567741FAB4AD20068A04F /* TXCategoryKitDemo.app */ = {isa = PBXFileReference; explicitFileType = wrapper.application; includeInIndex = 0; path = TXCategoryKitDemo.app; sourceTree = BUILT_PRODUCTS_DIR; };
		F59567851FAB4AD20068A04F /* Info.plist */ = {isa = PBXFileReference; lastKnownFileType = text.plist.xml; path = Info.plist; sourceTree = "<group>"; };
		F59567861FAB4AD20068A04F /* main.m */ = {isa = PBXFileReference; lastKnownFileType = sourcecode.c.objc; path = main.m; sourceTree = "<group>"; };
		F595678C1FAB4AD20068A04F /* TXCategoryKitDemoTests.xctest */ = {isa = PBXFileReference; explicitFileType = wrapper.cfbundle; includeInIndex = 0; path = TXCategoryKitDemoTests.xctest; sourceTree = BUILT_PRODUCTS_DIR; };
		F59567901FAB4AD20068A04F /* TXCategoryKitDemoTests.m */ = {isa = PBXFileReference; lastKnownFileType = sourcecode.c.objc; path = TXCategoryKitDemoTests.m; sourceTree = "<group>"; };
		F59567921FAB4AD20068A04F /* Info.plist */ = {isa = PBXFileReference; lastKnownFileType = text.plist.xml; path = Info.plist; sourceTree = "<group>"; };
		F59567971FAB4AD20068A04F /* TXCategoryKitDemoUITests.xctest */ = {isa = PBXFileReference; explicitFileType = wrapper.cfbundle; includeInIndex = 0; path = TXCategoryKitDemoUITests.xctest; sourceTree = BUILT_PRODUCTS_DIR; };
		F595679B1FAB4AD20068A04F /* TXCategoryKitDemoUITests.m */ = {isa = PBXFileReference; lastKnownFileType = sourcecode.c.objc; path = TXCategoryKitDemoUITests.m; sourceTree = "<group>"; };
		F595679D1FAB4AD20068A04F /* Info.plist */ = {isa = PBXFileReference; lastKnownFileType = text.plist.xml; path = Info.plist; sourceTree = "<group>"; };
/* End PBXFileReference section */

/* Begin PBXFrameworksBuildPhase section */
		F59567711FAB4AD20068A04F /* Frameworks */ = {
			isa = PBXFrameworksBuildPhase;
			buildActionMask = 2147483647;
			files = (
				5AEC73816B9B2F9873A9AE9F /* libPods-TXCategoryKitDemo.a in Frameworks */,
			);
			runOnlyForDeploymentPostprocessing = 0;
		};
		F59567891FAB4AD20068A04F /* Frameworks */ = {
			isa = PBXFrameworksBuildPhase;
			buildActionMask = 2147483647;
			files = (
			);
			runOnlyForDeploymentPostprocessing = 0;
		};
		F59567941FAB4AD20068A04F /* Frameworks */ = {
			isa = PBXFrameworksBuildPhase;
			buildActionMask = 2147483647;
			files = (
			);
			runOnlyForDeploymentPostprocessing = 0;
		};
/* End PBXFrameworksBuildPhase section */

/* Begin PBXGroup section */
		2D0A32D185645163E52B81EE /* Frameworks */ = {
			isa = PBXGroup;
			children = (
				01F82D7517499F26132FFA72 /* libPods-Demo.a */,
				02E4C71DC784E21CCFDD3C7F /* libPods-TXCategoryKitDemo.a */,
			);
			name = Frameworks;
			sourceTree = "<group>";
		};
		3B42B96205BB3B888E3DF5FC /* Pods */ = {
			isa = PBXGroup;
			children = (
				826D979EBB80A387E6BDA44C /* Pods-TXCategoryKitDemo.debug.xcconfig */,
				712D212CE1FDE728D25379B4 /* Pods-TXCategoryKitDemo.release.xcconfig */,
			);
			path = Pods;
			sourceTree = "<group>";
		};
		7D5AC34327D0C13500136B8C /* AppDelegate */ = {
			isa = PBXGroup;
			children = (
				7D5AC34427D0C13500136B8C /* AppDelegate.h */,
				7D5AC34527D0C13500136B8C /* AppDelegate.m */,
			);
			path = AppDelegate;
			sourceTree = "<group>";
		};
		7D5AC34627D0C13500136B8C /* Controller */ = {
			isa = PBXGroup;
			children = (
				7D5AC34727D0C13500136B8C /* TXHomeViewController.h */,
				7D5AC34827D0C13500136B8C /* TXHomeViewController.m */,
			);
			path = Controller;
			sourceTree = "<group>";
		};
		7D5AC34927D0C13500136B8C /* storyboard */ = {
			isa = PBXGroup;
			children = (
				7D5AC34A27D0C13500136B8C /* LaunchScreen.storyboard */,
				7D5AC34B27D0C13500136B8C /* Main.storyboard */,
			);
			path = storyboard;
			sourceTree = "<group>";
		};
		7D5AC34C27D0C13500136B8C /* TXCategoryKit */ = {
			isa = PBXGroup;
			children = (
				7D5AC37327D0C1D700136B8C /* TXCategoryKit.h */,
				7D5AC36E27D0C1D700136B8C /* Foundation */,
				7D5AC37427D0C1D700136B8C /* UIKit */,
			);
			path = TXCategoryKit;
			sourceTree = "<group>";
		};
		7D5AC36E27D0C1D700136B8C /* Foundation */ = {
			isa = PBXGroup;
			children = (
				7D5AC39027D0C20500136B8C /* TXFoundation.h */,
				7D5AC39227D1B0B900136B8C /* NSString */,
			);
			path = Foundation;
			sourceTree = "<group>";
		};
		7D5AC37427D0C1D700136B8C /* UIKit */ = {
			isa = PBXGroup;
			children = (
				7D5AC39127D0C29100136B8C /* TXUIKit.h */,
				7D953DCA27FD26E000B96E87 /* UIButton */,
				7D5AC37527D0C1D700136B8C /* UIImage */,
				7D5AC37827D0C1D700136B8C /* UIColor */,
				7D5AC37B27D0C1D700136B8C /* UIView */,
			);
			path = UIKit;
			sourceTree = "<group>";
		};
		7D5AC37527D0C1D700136B8C /* UIImage */ = {
			isa = PBXGroup;
			children = (
				7D5AC37727D0C1D700136B8C /* UIImage+TXImage.h */,
				7D5AC37627D0C1D700136B8C /* UIImage+TXImage.m */,
				7D301EDC292625160020577D /* UIImage+TXCompress.h */,
				7D301EDD292625160020577D /* UIImage+TXCompress.m */,
				7D97A1A32966C00D001E89E5 /* UIImage+TXGrayImage.h */,
				7D97A1A42966C00D001E89E5 /* UIImage+TXGrayImage.m */,
			);
			path = UIImage;
			sourceTree = "<group>";
		};
		7D5AC37827D0C1D700136B8C /* UIColor */ = {
			isa = PBXGroup;
			children = (
				7D5AC37927D0C1D700136B8C /* UIColor+TXColor.h */,
				7D5AC37A27D0C1D700136B8C /* UIColor+TXColor.m */,
			);
			path = UIColor;
			sourceTree = "<group>";
		};
		7D5AC37B27D0C1D700136B8C /* UIView */ = {
			isa = PBXGroup;
			children = (
				7D5AC37F27D0C1D700136B8C /* UIView+TXCorner.h */,
				7D5AC38227D0C1D700136B8C /* UIView+TXCorner.m */,
				7D5AC37D27D0C1D700136B8C /* UIView+TXFrame.h */,
				7D5AC38027D0C1D700136B8C /* UIView+TXFrame.m */,
				7D5AC37E27D0C1D700136B8C /* UIView+Toast.h */,
				7D5AC38327D0C1D700136B8C /* UIView+Toast.m */,
				7D5AC38127D0C1D700136B8C /* UIView+TXOtherView.h */,
				7D5AC37C27D0C1D700136B8C /* UIView+TXOtherView.m */,
			);
			path = UIView;
			sourceTree = "<group>";
		};
		7D5AC39227D1B0B900136B8C /* NSString */ = {
			isa = PBXGroup;
			children = (
				7D5AC39627D1B0B900136B8C /* NSString+TXString.h */,
				7D5AC39427D1B0B900136B8C /* NSString+TXString.m */,
				7D5AC39527D1B0B900136B8C /* NSString+TXMD5.h */,
				7D5AC39327D1B0B900136B8C /* NSString+TXMD5.m */,
			);
			path = NSString;
			sourceTree = "<group>";
		};
		7D953DCA27FD26E000B96E87 /* UIButton */ = {
			isa = PBXGroup;
			children = (
				7D953DCB27FD26E000B96E87 /* UIButton+TXKitButton.h */,
				7D953DCC27FD26E000B96E87 /* UIButton+TXKitButton.m */,
			);
			path = UIButton;
			sourceTree = "<group>";
		};
		F595676B1FAB4AD20068A04F = {
			isa = PBXGroup;
			children = (
				F59567761FAB4AD20068A04F /* TXCategoryKitDemo */,
				F595678F1FAB4AD20068A04F /* TXCategoryKitDemoTests */,
				F595679A1FAB4AD20068A04F /* TXCategoryKitDemoUITests */,
				F59567751FAB4AD20068A04F /* Products */,
				2D0A32D185645163E52B81EE /* Frameworks */,
				3B42B96205BB3B888E3DF5FC /* Pods */,
			);
			sourceTree = "<group>";
		};
		F59567751FAB4AD20068A04F /* Products */ = {
			isa = PBXGroup;
			children = (
				F59567741FAB4AD20068A04F /* TXCategoryKitDemo.app */,
				F595678C1FAB4AD20068A04F /* TXCategoryKitDemoTests.xctest */,
				F59567971FAB4AD20068A04F /* TXCategoryKitDemoUITests.xctest */,
			);
			name = Products;
			sourceTree = "<group>";
		};
		F59567761FAB4AD20068A04F /* TXCategoryKitDemo */ = {
			isa = PBXGroup;
			children = (
				7D5AC34C27D0C13500136B8C /* TXCategoryKit */,
				7D5AC34327D0C13500136B8C /* AppDelegate */,
				7D5AC34627D0C13500136B8C /* Controller */,
				7D5AC34927D0C13500136B8C /* storyboard */,
				F59567851FAB4AD20068A04F /* Info.plist */,
				F59567861FAB4AD20068A04F /* main.m */,
				7D5AC34227D0C13500136B8C /* Assets.xcassets */,
			);
			path = TXCategoryKitDemo;
			sourceTree = "<group>";
		};
		F595678F1FAB4AD20068A04F /* TXCategoryKitDemoTests */ = {
			isa = PBXGroup;
			children = (
				F59567901FAB4AD20068A04F /* TXCategoryKitDemoTests.m */,
				F59567921FAB4AD20068A04F /* Info.plist */,
			);
			path = TXCategoryKitDemoTests;
			sourceTree = "<group>";
		};
		F595679A1FAB4AD20068A04F /* TXCategoryKitDemoUITests */ = {
			isa = PBXGroup;
			children = (
				F595679B1FAB4AD20068A04F /* TXCategoryKitDemoUITests.m */,
				F595679D1FAB4AD20068A04F /* Info.plist */,
			);
			path = TXCategoryKitDemoUITests;
			sourceTree = "<group>";
		};
/* End PBXGroup section */

/* Begin PBXNativeTarget section */
		F59567731FAB4AD20068A04F /* TXCategoryKitDemo */ = {
			isa = PBXNativeTarget;
			buildConfigurationList = F59567A01FAB4AD20068A04F /* Build configuration list for PBXNativeTarget "TXCategoryKitDemo" */;
			buildPhases = (
				FAC01AEF200F8FB48B4E652C /* [CP] Check Pods Manifest.lock */,
				F59567701FAB4AD20068A04F /* Sources */,
				F59567711FAB4AD20068A04F /* Frameworks */,
				F59567721FAB4AD20068A04F /* Resources */,
			);
			buildRules = (
			);
			dependencies = (
			);
			name = TXCategoryKitDemo;
			productName = Demo;
			productReference = F59567741FAB4AD20068A04F /* TXCategoryKitDemo.app */;
			productType = "com.apple.product-type.application";
		};
		F595678B1FAB4AD20068A04F /* TXCategoryKitDemoTests */ = {
			isa = PBXNativeTarget;
			buildConfigurationList = F59567A31FAB4AD20068A04F /* Build configuration list for PBXNativeTarget "TXCategoryKitDemoTests" */;
			buildPhases = (
				F59567881FAB4AD20068A04F /* Sources */,
				F59567891FAB4AD20068A04F /* Frameworks */,
				F595678A1FAB4AD20068A04F /* Resources */,
			);
			buildRules = (
			);
			dependencies = (
				F595678E1FAB4AD20068A04F /* PBXTargetDependency */,
			);
			name = TXCategoryKitDemoTests;
			productName = DemoTests;
			productReference = F595678C1FAB4AD20068A04F /* TXCategoryKitDemoTests.xctest */;
			productType = "com.apple.product-type.bundle.unit-test";
		};
		F59567961FAB4AD20068A04F /* TXCategoryKitDemoUITests */ = {
			isa = PBXNativeTarget;
			buildConfigurationList = F59567A61FAB4AD20068A04F /* Build configuration list for PBXNativeTarget "TXCategoryKitDemoUITests" */;
			buildPhases = (
				F59567931FAB4AD20068A04F /* Sources */,
				F59567941FAB4AD20068A04F /* Frameworks */,
				F59567951FAB4AD20068A04F /* Resources */,
			);
			buildRules = (
			);
			dependencies = (
				F59567991FAB4AD20068A04F /* PBXTargetDependency */,
			);
			name = TXCategoryKitDemoUITests;
			productName = DemoUITests;
			productReference = F59567971FAB4AD20068A04F /* TXCategoryKitDemoUITests.xctest */;
			productType = "com.apple.product-type.bundle.ui-testing";
		};
/* End PBXNativeTarget section */

/* Begin PBXProject section */
		F595676C1FAB4AD20068A04F /* Project object */ = {
			isa = PBXProject;
			attributes = {
				LastUpgradeCheck = 1030;
				ORGANIZATIONNAME = ChenJie;
				TargetAttributes = {
					F59567731FAB4AD20068A04F = {
						CreatedOnToolsVersion = 9.1;
						ProvisioningStyle = Automatic;
					};
					F595678B1FAB4AD20068A04F = {
						CreatedOnToolsVersion = 9.1;
						ProvisioningStyle = Automatic;
						TestTargetID = F59567731FAB4AD20068A04F;
					};
					F59567961FAB4AD20068A04F = {
						CreatedOnToolsVersion = 9.1;
						ProvisioningStyle = Automatic;
						TestTargetID = F59567731FAB4AD20068A04F;
					};
				};
			};
			buildConfigurationList = F595676F1FAB4AD20068A04F /* Build configuration list for PBXProject "TXCategoryKitDemo" */;
			compatibilityVersion = "Xcode 8.0";
			developmentRegion = en;
			hasScannedForEncodings = 0;
			knownRegions = (
				en,
				Base,
			);
			mainGroup = F595676B1FAB4AD20068A04F;
			productRefGroup = F59567751FAB4AD20068A04F /* Products */;
			projectDirPath = "";
			projectRoot = "";
			targets = (
				F59567731FAB4AD20068A04F /* TXCategoryKitDemo */,
				F595678B1FAB4AD20068A04F /* TXCategoryKitDemoTests */,
				F59567961FAB4AD20068A04F /* TXCategoryKitDemoUITests */,
			);
		};
/* End PBXProject section */

/* Begin PBXResourcesBuildPhase section */
		F59567721FAB4AD20068A04F /* Resources */ = {
			isa = PBXResourcesBuildPhase;
			buildActionMask = 2147483647;
			files = (
				7D5AC36427D0C13500136B8C /* Main.storyboard in Resources */,
				7D5AC36027D0C13500136B8C /* Assets.xcassets in Resources */,
				7D5AC36327D0C13500136B8C /* LaunchScreen.storyboard in Resources */,
			);
			runOnlyForDeploymentPostprocessing = 0;
		};
		F595678A1FAB4AD20068A04F /* Resources */ = {
			isa = PBXResourcesBuildPhase;
			buildActionMask = 2147483647;
			files = (
			);
			runOnlyForDeploymentPostprocessing = 0;
		};
		F59567951FAB4AD20068A04F /* Resources */ = {
			isa = PBXResourcesBuildPhase;
			buildActionMask = 2147483647;
			files = (
			);
			runOnlyForDeploymentPostprocessing = 0;
		};
/* End PBXResourcesBuildPhase section */

/* Begin PBXShellScriptBuildPhase section */
		FAC01AEF200F8FB48B4E652C /* [CP] Check Pods Manifest.lock */ = {
			isa = PBXShellScriptBuildPhase;
			buildActionMask = 2147483647;
			files = (
			);
			inputPaths = (
				"${PODS_PODFILE_DIR_PATH}/Podfile.lock",
				"${PODS_ROOT}/Manifest.lock",
			);
			name = "[CP] Check Pods Manifest.lock";
			outputPaths = (
				"$(DERIVED_FILE_DIR)/Pods-TXCategoryKitDemo-checkManifestLockResult.txt",
			);
			runOnlyForDeploymentPostprocessing = 0;
			shellPath = /bin/sh;
			shellScript = "diff \"${PODS_PODFILE_DIR_PATH}/Podfile.lock\" \"${PODS_ROOT}/Manifest.lock\" > /dev/null\nif [ $? != 0 ] ; then\n    # print error to STDERR\n    echo \"error: The sandbox is not in sync with the Podfile.lock. Run 'pod install' or update your CocoaPods installation.\" >&2\n    exit 1\nfi\n# This output is used by Xcode 'outputs' to avoid re-running this script phase.\necho \"SUCCESS\" > \"${SCRIPT_OUTPUT_FILE_0}\"\n";
			showEnvVarsInLog = 0;
		};
/* End PBXShellScriptBuildPhase section */

/* Begin PBXSourcesBuildPhase section */
		F59567701FAB4AD20068A04F /* Sources */ = {
			isa = PBXSourcesBuildPhase;
			buildActionMask = 2147483647;
			files = (
				7D5AC39827D1B0B900136B8C /* NSString+TXString.m in Sources */,
				7D5AC38A27D0C1D700136B8C /* UIColor+TXColor.m in Sources */,
				7D953DCD27FD26E000B96E87 /* UIButton+TXKitButton.m in Sources */,
				7D5AC39727D1B0B900136B8C /* NSString+TXMD5.m in Sources */,
				7D5AC38D27D0C1D700136B8C /* UIView+TXCorner.m in Sources */,
				7D5AC38C27D0C1D700136B8C /* UIView+TXFrame.m in Sources */,
				7D5AC38E27D0C1D700136B8C /* UIView+Toast.m in Sources */,
				7D97A1A52966C00D001E89E5 /* UIImage+TXGrayImage.m in Sources */,
				7D5AC38927D0C1D700136B8C /* UIImage+TXImage.m in Sources */,
				7D5AC38B27D0C1D700136B8C /* UIView+TXOtherView.m in Sources */,
				7D301EDE292625160020577D /* UIImage+TXCompress.m in Sources */,
				7D5AC36227D0C13500136B8C /* TXHomeViewController.m in Sources */,
				7D5AC36127D0C13500136B8C /* AppDelegate.m in Sources */,
				F59567871FAB4AD20068A04F /* main.m in Sources */,
			);
			runOnlyForDeploymentPostprocessing = 0;
		};
		F59567881FAB4AD20068A04F /* Sources */ = {
			isa = PBXSourcesBuildPhase;
			buildActionMask = 2147483647;
			files = (
				F59567911FAB4AD20068A04F /* TXCategoryKitDemoTests.m in Sources */,
			);
			runOnlyForDeploymentPostprocessing = 0;
		};
		F59567931FAB4AD20068A04F /* Sources */ = {
			isa = PBXSourcesBuildPhase;
			buildActionMask = 2147483647;
			files = (
				F595679C1FAB4AD20068A04F /* TXCategoryKitDemoUITests.m in Sources */,
			);
			runOnlyForDeploymentPostprocessing = 0;
		};
/* End PBXSourcesBuildPhase section */

/* Begin PBXTargetDependency section */
		F595678E1FAB4AD20068A04F /* PBXTargetDependency */ = {
			isa = PBXTargetDependency;
			target = F59567731FAB4AD20068A04F /* TXCategoryKitDemo */;
			targetProxy = F595678D1FAB4AD20068A04F /* PBXContainerItemProxy */;
		};
		F59567991FAB4AD20068A04F /* PBXTargetDependency */ = {
			isa = PBXTargetDependency;
			target = F59567731FAB4AD20068A04F /* TXCategoryKitDemo */;
			targetProxy = F59567981FAB4AD20068A04F /* PBXContainerItemProxy */;
		};
/* End PBXTargetDependency section */

/* Begin XCBuildConfiguration section */
		F595679E1FAB4AD20068A04F /* Debug */ = {
			isa = XCBuildConfiguration;
			buildSettings = {
				ALWAYS_SEARCH_USER_PATHS = NO;
				CLANG_ANALYZER_NONNULL = YES;
				CLANG_ANALYZER_NUMBER_OBJECT_CONVERSION = YES_AGGRESSIVE;
				CLANG_CXX_LANGUAGE_STANDARD = "gnu++14";
				CLANG_CXX_LIBRARY = "libc++";
				CLANG_ENABLE_MODULES = YES;
				CLANG_ENABLE_OBJC_ARC = YES;
				CLANG_WARN_BLOCK_CAPTURE_AUTORELEASING = YES;
				CLANG_WARN_BOOL_CONVERSION = YES;
				CLANG_WARN_COMMA = YES;
				CLANG_WARN_CONSTANT_CONVERSION = YES;
				CLANG_WARN_DEPRECATED_OBJC_IMPLEMENTATIONS = YES;
				CLANG_WARN_DIRECT_OBJC_ISA_USAGE = YES_ERROR;
				CLANG_WARN_DOCUMENTATION_COMMENTS = YES;
				CLANG_WARN_EMPTY_BODY = YES;
				CLANG_WARN_ENUM_CONVERSION = YES;
				CLANG_WARN_INFINITE_RECURSION = YES;
				CLANG_WARN_INT_CONVERSION = YES;
				CLANG_WARN_NON_LITERAL_NULL_CONVERSION = YES;
				CLANG_WARN_OBJC_IMPLICIT_RETAIN_SELF = YES;
				CLANG_WARN_OBJC_LITERAL_CONVERSION = YES;
				CLANG_WARN_OBJC_ROOT_CLASS = YES_ERROR;
				CLANG_WARN_RANGE_LOOP_ANALYSIS = YES;
				CLANG_WARN_STRICT_PROTOTYPES = YES;
				CLANG_WARN_SUSPICIOUS_MOVE = YES;
				CLANG_WARN_UNGUARDED_AVAILABILITY = YES_AGGRESSIVE;
				CLANG_WARN_UNREACHABLE_CODE = YES;
				CLANG_WARN__DUPLICATE_METHOD_MATCH = YES;
				CODE_SIGN_IDENTITY = "iPhone Developer";
				COPY_PHASE_STRIP = NO;
				DEBUG_INFORMATION_FORMAT = dwarf;
				ENABLE_STRICT_OBJC_MSGSEND = YES;
				ENABLE_TESTABILITY = YES;
				GCC_C_LANGUAGE_STANDARD = gnu11;
				GCC_DYNAMIC_NO_PIC = NO;
				GCC_NO_COMMON_BLOCKS = YES;
				GCC_OPTIMIZATION_LEVEL = 0;
				GCC_PREPROCESSOR_DEFINITIONS = (
					"DEBUG=1",
					"$(inherited)",
				);
				GCC_WARN_64_TO_32_BIT_CONVERSION = YES;
				GCC_WARN_ABOUT_RETURN_TYPE = YES_ERROR;
				GCC_WARN_UNDECLARED_SELECTOR = YES;
				GCC_WARN_UNINITIALIZED_AUTOS = YES_AGGRESSIVE;
				GCC_WARN_UNUSED_FUNCTION = YES;
				GCC_WARN_UNUSED_VARIABLE = YES;
				IPHONEOS_DEPLOYMENT_TARGET = 10.0;
				MTL_ENABLE_DEBUG_INFO = YES;
				ONLY_ACTIVE_ARCH = YES;
				SDKROOT = iphoneos;
			};
			name = Debug;
		};
		F595679F1FAB4AD20068A04F /* Release */ = {
			isa = XCBuildConfiguration;
			buildSettings = {
				ALWAYS_SEARCH_USER_PATHS = NO;
				CLANG_ANALYZER_NONNULL = YES;
				CLANG_ANALYZER_NUMBER_OBJECT_CONVERSION = YES_AGGRESSIVE;
				CLANG_CXX_LANGUAGE_STANDARD = "gnu++14";
				CLANG_CXX_LIBRARY = "libc++";
				CLANG_ENABLE_MODULES = YES;
				CLANG_ENABLE_OBJC_ARC = YES;
				CLANG_WARN_BLOCK_CAPTURE_AUTORELEASING = YES;
				CLANG_WARN_BOOL_CONVERSION = YES;
				CLANG_WARN_COMMA = YES;
				CLANG_WARN_CONSTANT_CONVERSION = YES;
				CLANG_WARN_DEPRECATED_OBJC_IMPLEMENTATIONS = YES;
				CLANG_WARN_DIRECT_OBJC_ISA_USAGE = YES_ERROR;
				CLANG_WARN_DOCUMENTATION_COMMENTS = YES;
				CLANG_WARN_EMPTY_BODY = YES;
				CLANG_WARN_ENUM_CONVERSION = YES;
				CLANG_WARN_INFINITE_RECURSION = YES;
				CLANG_WARN_INT_CONVERSION = YES;
				CLANG_WARN_NON_LITERAL_NULL_CONVERSION = YES;
				CLANG_WARN_OBJC_IMPLICIT_RETAIN_SELF = YES;
				CLANG_WARN_OBJC_LITERAL_CONVERSION = YES;
				CLANG_WARN_OBJC_ROOT_CLASS = YES_ERROR;
				CLANG_WARN_RANGE_LOOP_ANALYSIS = YES;
				CLANG_WARN_STRICT_PROTOTYPES = YES;
				CLANG_WARN_SUSPICIOUS_MOVE = YES;
				CLANG_WARN_UNGUARDED_AVAILABILITY = YES_AGGRESSIVE;
				CLANG_WARN_UNREACHABLE_CODE = YES;
				CLANG_WARN__DUPLICATE_METHOD_MATCH = YES;
				CODE_SIGN_IDENTITY = "iPhone Developer";
				COPY_PHASE_STRIP = NO;
				DEBUG_INFORMATION_FORMAT = "dwarf-with-dsym";
				ENABLE_NS_ASSERTIONS = NO;
				ENABLE_STRICT_OBJC_MSGSEND = YES;
				GCC_C_LANGUAGE_STANDARD = gnu11;
				GCC_NO_COMMON_BLOCKS = YES;
				GCC_WARN_64_TO_32_BIT_CONVERSION = YES;
				GCC_WARN_ABOUT_RETURN_TYPE = YES_ERROR;
				GCC_WARN_UNDECLARED_SELECTOR = YES;
				GCC_WARN_UNINITIALIZED_AUTOS = YES_AGGRESSIVE;
				GCC_WARN_UNUSED_FUNCTION = YES;
				GCC_WARN_UNUSED_VARIABLE = YES;
				IPHONEOS_DEPLOYMENT_TARGET = 10.0;
				MTL_ENABLE_DEBUG_INFO = NO;
				SDKROOT = iphoneos;
				VALIDATE_PRODUCT = YES;
			};
			name = Release;
		};
		F59567A11FAB4AD20068A04F /* Debug */ = {
			isa = XCBuildConfiguration;
			baseConfigurationReference = 826D979EBB80A387E6BDA44C /* Pods-TXCategoryKitDemo.debug.xcconfig */;
			buildSettings = {
				ASSETCATALOG_COMPILER_APPICON_NAME = AppIcon;
				CODE_SIGN_STYLE = Automatic;
				DEVELOPMENT_TEAM = T7C7TQD6VN;
				GCC_PREFIX_HEADER = "";
				INFOPLIST_FILE = TXCategoryKitDemo/Info.plist;
				IPHONEOS_DEPLOYMENT_TARGET = 10.0;
				LD_RUNPATH_SEARCH_PATHS = "$(inherited) @executable_path/Frameworks";
				PRODUCT_BUNDLE_IDENTIFIER = chenxiaojie.TXGDSDK.com;
				PRODUCT_NAME = "$(TARGET_NAME)";
				TARGETED_DEVICE_FAMILY = 1;
			};
			name = Debug;
		};
		F59567A21FAB4AD20068A04F /* Release */ = {
			isa = XCBuildConfiguration;
			baseConfigurationReference = 712D212CE1FDE728D25379B4 /* Pods-TXCategoryKitDemo.release.xcconfig */;
			buildSettings = {
				ASSETCATALOG_COMPILER_APPICON_NAME = AppIcon;
				CODE_SIGN_STYLE = Automatic;
				DEVELOPMENT_TEAM = T7C7TQD6VN;
				GCC_PREFIX_HEADER = "";
				INFOPLIST_FILE = TXCategoryKitDemo/Info.plist;
				IPHONEOS_DEPLOYMENT_TARGET = 10.0;
				LD_RUNPATH_SEARCH_PATHS = "$(inherited) @executable_path/Frameworks";
				PRODUCT_BUNDLE_IDENTIFIER = chenxiaojie.TXGDSDK.com;
				PRODUCT_NAME = "$(TARGET_NAME)";
				TARGETED_DEVICE_FAMILY = 1;
			};
			name = Release;
		};
		F59567A41FAB4AD20068A04F /* Debug */ = {
			isa = XCBuildConfiguration;
			buildSettings = {
				BUNDLE_LOADER = "$(TEST_HOST)";
				CODE_SIGN_STYLE = Automatic;
				DEVELOPMENT_TEAM = T7C7TQD6VN;
				INFOPLIST_FILE = DemoTests/Info.plist;
				LD_RUNPATH_SEARCH_PATHS = "$(inherited) @executable_path/Frameworks @loader_path/Frameworks";
				PRODUCT_BUNDLE_IDENTIFIER = benben.DemoTests;
				PRODUCT_NAME = "$(TARGET_NAME)";
				TARGETED_DEVICE_FAMILY = "1,2";
				TEST_HOST = "$(BUILT_PRODUCTS_DIR)/TXCategoryKitDemo.app/TXCategoryKitDemo";
			};
			name = Debug;
		};
		F59567A51FAB4AD20068A04F /* Release */ = {
			isa = XCBuildConfiguration;
			buildSettings = {
				BUNDLE_LOADER = "$(TEST_HOST)";
				CODE_SIGN_STYLE = Automatic;
				DEVELOPMENT_TEAM = T7C7TQD6VN;
				INFOPLIST_FILE = DemoTests/Info.plist;
				LD_RUNPATH_SEARCH_PATHS = "$(inherited) @executable_path/Frameworks @loader_path/Frameworks";
				PRODUCT_BUNDLE_IDENTIFIER = benben.DemoTests;
				PRODUCT_NAME = "$(TARGET_NAME)";
				TARGETED_DEVICE_FAMILY = "1,2";
				TEST_HOST = "$(BUILT_PRODUCTS_DIR)/TXCategoryKitDemo.app/TXCategoryKitDemo";
			};
			name = Release;
		};
		F59567A71FAB4AD20068A04F /* Debug */ = {
			isa = XCBuildConfiguration;
			buildSettings = {
				CODE_SIGN_STYLE = Automatic;
				DEVELOPMENT_TEAM = T7C7TQD6VN;
				INFOPLIST_FILE = DemoUITests/Info.plist;
				LD_RUNPATH_SEARCH_PATHS = "$(inherited) @executable_path/Frameworks @loader_path/Frameworks";
				PRODUCT_BUNDLE_IDENTIFIER = benben.DemoUITests;
				PRODUCT_NAME = "$(TARGET_NAME)";
				TARGETED_DEVICE_FAMILY = "1,2";
				TEST_TARGET_NAME = Demo;
			};
			name = Debug;
		};
		F59567A81FAB4AD20068A04F /* Release */ = {
			isa = XCBuildConfiguration;
			buildSettings = {
				CODE_SIGN_STYLE = Automatic;
				DEVELOPMENT_TEAM = T7C7TQD6VN;
				INFOPLIST_FILE = DemoUITests/Info.plist;
				LD_RUNPATH_SEARCH_PATHS = "$(inherited) @executable_path/Frameworks @loader_path/Frameworks";
				PRODUCT_BUNDLE_IDENTIFIER = benben.DemoUITests;
				PRODUCT_NAME = "$(TARGET_NAME)";
				TARGETED_DEVICE_FAMILY = "1,2";
				TEST_TARGET_NAME = Demo;
			};
			name = Release;
		};
/* End XCBuildConfiguration section */

/* Begin XCConfigurationList section */
		F595676F1FAB4AD20068A04F /* Build configuration list for PBXProject "TXCategoryKitDemo" */ = {
			isa = XCConfigurationList;
			buildConfigurations = (
				F595679E1FAB4AD20068A04F /* Debug */,
				F595679F1FAB4AD20068A04F /* Release */,
			);
			defaultConfigurationIsVisible = 0;
			defaultConfigurationName = Release;
		};
		F59567A01FAB4AD20068A04F /* Build configuration list for PBXNativeTarget "TXCategoryKitDemo" */ = {
			isa = XCConfigurationList;
			buildConfigurations = (
				F59567A11FAB4AD20068A04F /* Debug */,
				F59567A21FAB4AD20068A04F /* Release */,
			);
			defaultConfigurationIsVisible = 0;
			defaultConfigurationName = Release;
		};
		F59567A31FAB4AD20068A04F /* Build configuration list for PBXNativeTarget "TXCategoryKitDemoTests" */ = {
			isa = XCConfigurationList;
			buildConfigurations = (
				F59567A41FAB4AD20068A04F /* Debug */,
				F59567A51FAB4AD20068A04F /* Release */,
			);
			defaultConfigurationIsVisible = 0;
			defaultConfigurationName = Release;
		};
		F59567A61FAB4AD20068A04F /* Build configuration list for PBXNativeTarget "TXCategoryKitDemoUITests" */ = {
			isa = XCConfigurationList;
			buildConfigurations = (
				F59567A71FAB4AD20068A04F /* Debug */,
				F59567A81FAB4AD20068A04F /* Release */,
			);
			defaultConfigurationIsVisible = 0;
			defaultConfigurationName = Release;
		};
/* End XCConfigurationList section */
	};
	rootObject = F595676C1FAB4AD20068A04F /* Project object */;
}
